
Microsoft Visual Studio Solution File, Format Version 12.00
# Visual Studio Version 17
VisualStudioVersion = 17.5.33516.290
MinimumVisualStudioVersion = 10.0.40219.1
Project("{FAE04EC0-301F-11D3-BF4B-00C04F79EFBC}") = "TinyCmsServer", "TinyCmsServer.csproj", "{4C553C90-DE71-45E3-9DFC-BEEE735DF249}"
EndProject
Global
	GlobalSection(SolutionConfigurationPlatforms) = preSolution
		Debug|Any CPU = Debug|Any CPU
		Release|Any CPU = Release|Any CPU
	EndGlobalSection
	GlobalSection(ProjectConfigurationPlatforms) = postSolution
		{4C553C90-DE71-45E3-9DFC-BEEE735DF249}.Debug|Any CPU.ActiveCfg = Debug|Any CPU
		{4C553C90-DE71-45E3-9DFC-BEEE735DF249}.Debug|Any CPU.Build.0 = Debug|Any CPU
		{4C553C90-DE71-45E3-9DFC-BEEE735DF249}.Release|Any CPU.ActiveCfg = Release|Any CPU
		{4C553C90-DE71-45E3-9DFC-BEEE735DF249}.Release|Any CPU.Build.0 = Release|Any CPU
	EndGlobalSection
	GlobalSection(SolutionProperties) = preSolution
		HideSolutionNode = FALSE
	EndGlobalSection
	GlobalSection(ExtensibilityGlobals) = postSolution
		SolutionGuid = {CC89D417-2828-442C-8314-C3F8EB09A90F}
	EndGlobalSection
EndGlobal
